{
  "name": "valheim-manager",
  "version": "1.0.0",
  "lockfileVersion": 2,
  "requires": true,
  "packages": {
    "": {
      "name": "valheim-manager",
      "version": "1.0.0",
      "license": "ISC",
      "dependencies": {
        "adm-zip": "^0.5.3",
        "auto-git-update": "^2.0.1",
        "chegs-simple-logger": "^1.1.0",
        "fs-extra": "^9.1.0",
        "nat-puncher": "^0.1.8",
        "os-utils": "^0.0.14"
      }
    },
    "node_modules/adm-zip": {
      "version": "0.5.3",
      "resolved": "https://registry.npmjs.org/adm-zip/-/adm-zip-0.5.3.tgz",
      "integrity": "sha512-zsoTXEwRNCxBzRHLENFLuecCcwzzXiEhWo1r3GP68iwi8Q/hW2RrqgeY1nfJ/AhNQNWnZq/4v0TbfMsUkI+TYw==",
      "engines": {
        "node": ">=6.0"
      }
    },
    "node_modules/app-root-path": {
      "version": "3.0.0",
      "resolved": "https://registry.npmjs.org/app-root-path/-/app-root-path-3.0.0.tgz",
      "integrity": "sha512-qMcx+Gy2UZynHjOHOIXPNvpf+9cjvk3cWrBBK7zg4gH9+clobJRb9NGzcT7mQTcV/6Gm/1WelUtqxVXnNlrwcw==",
      "engines": {
        "node": ">= 6.0.0"
      }
    },
    "node_modules/at-least-node": {
      "version": "1.0.0",
      "resolved": "https://registry.npmjs.org/at-least-node/-/at-least-node-1.0.0.tgz",
      "integrity": "sha512-+q/t7Ekv1EDY2l6Gda6LLiX14rU9TV20Wa3ofeQmwPFZbOMo9DXrLbOjFaaclkXKWidIaopwAObQDqwWtGUjqg==",
      "engines": {
        "node": ">= 4.0.0"
      }
    },
    "node_modules/auto-git-update": {
      "version": "2.0.1",
      "resolved": "https://registry.npmjs.org/auto-git-update/-/auto-git-update-2.0.1.tgz",
      "integrity": "sha512-gSIqQyvTwGok8y+tIylLL31P5/7dg9hmyB70Y1eCXvHAPDBUhXb67QEzmJZRH5qMdqpWoAcBN6voHOxD6d8QLg==",
      "dependencies": {
        "app-root-path": "^3.0.0",
        "chegs-simple-logger": "^1.1.0",
        "fs-extra": "^8.1.0",
        "simple-git": "^1.131.0"
      }
    },
    "node_modules/auto-git-update/node_modules/fs-extra": {
      "version": "8.1.0",
      "resolved": "https://registry.npmjs.org/fs-extra/-/fs-extra-8.1.0.tgz",
      "integrity": "sha512-yhlQgA6mnOJUKOsRUFsgJdQCvkKhcz8tlZG5HBQfReYZy46OwLcY+Zia0mtdHsOo9y/hP+CxMN0TU9QxoOtG4g==",
      "dependencies": {
        "graceful-fs": "^4.2.0",
        "jsonfile": "^4.0.0",
        "universalify": "^0.1.0"
      },
      "engines": {
        "node": ">=6 <7 || >=8"
      }
    },
    "node_modules/auto-git-update/node_modules/jsonfile": {
      "version": "4.0.0",
      "resolved": "https://registry.npmjs.org/jsonfile/-/jsonfile-4.0.0.tgz",
      "integrity": "sha1-h3Gq4HmbZAdrdmQPygWPnBDjPss=",
      "dependencies": {
        "graceful-fs": "^4.1.6"
      }
    },
    "node_modules/auto-git-update/node_modules/universalify": {
      "version": "0.1.2",
      "resolved": "https://registry.npmjs.org/universalify/-/universalify-0.1.2.tgz",
      "integrity": "sha512-rBJeI5CXAlmy1pV+617WB9J63U6XcazHHF2f2dbJix4XzpUF0RS3Zbj0FGIOCAva5P/d/GBOYaACQ1w+0azUkg==",
      "engines": {
        "node": ">= 4.0.0"
      }
    },
    "node_modules/chegs-simple-logger": {
      "version": "1.1.0",
      "resolved": "https://registry.npmjs.org/chegs-simple-logger/-/chegs-simple-logger-1.1.0.tgz",
      "integrity": "sha512-GR7VaKpWw3oAQV9vmjQdNlIVjxCmx15dQpj9b4m9IrGDg4unKykx74pGp8taOxnFEIU0/uqi9XGy5CHNuYwfcA==",
      "dependencies": {
        "rotating-file-stream": "^1.4.2"
      }
    },
    "node_modules/cross-spawn": {
      "version": "7.0.3",
      "resolved": "https://registry.npmjs.org/cross-spawn/-/cross-spawn-7.0.3.tgz",
      "integrity": "sha512-iRDPJKUPVEND7dHPO8rkbOnPpyDygcDFtWjpeWNCgy8WP2rXcxXL8TskReQl6OrB2G7+UJrags1q15Fudc7G6w==",
      "dependencies": {
        "path-key": "^3.1.0",
        "shebang-command": "^2.0.0",
        "which": "^2.0.1"
      },
      "engines": {
        "node": ">= 8"
      }
    },
    "node_modules/debug": {
      "version": "4.3.1",
      "resolved": "https://registry.npmjs.org/debug/-/debug-4.3.1.tgz",
      "integrity": "sha512-doEwdvm4PCeK4K3RQN2ZC2BYUBaxwLARCqZmMjtF8a51J2Rb0xpVloFRnCODwqjpwnAoao4pelN8l3RJdv3gRQ==",
      "dependencies": {
        "ms": "2.1.2"
      },
      "engines": {
        "node": ">=6.0"
      }
    },
    "node_modules/default-gateway": {
      "version": "6.0.3",
      "resolved": "https://registry.npmjs.org/default-gateway/-/default-gateway-6.0.3.tgz",
      "integrity": "sha512-fwSOJsbbNzZ/CUFpqFBqYfYNLj1NbMPm8MMCIzHjC83iSJRBEGmDUxU+WP661BaBQImeC2yHwXtz+P/O9o+XEg==",
      "dependencies": {
        "execa": "^5.0.0"
      },
      "engines": {
        "node": ">= 10"
      }
    },
    "node_modules/execa": {
      "version": "5.0.0",
      "resolved": "https://registry.npmjs.org/execa/-/execa-5.0.0.tgz",
      "integrity": "sha512-ov6w/2LCiuyO4RLYGdpFGjkcs0wMTgGE8PrkTHikeUy5iJekXyPIKUjifk5CsE0pt7sMCrMZ3YNqoCj6idQOnQ==",
      "dependencies": {
        "cross-spawn": "^7.0.3",
        "get-stream": "^6.0.0",
        "human-signals": "^2.1.0",
        "is-stream": "^2.0.0",
        "merge-stream": "^2.0.0",
        "npm-run-path": "^4.0.1",
        "onetime": "^5.1.2",
        "signal-exit": "^3.0.3",
        "strip-final-newline": "^2.0.0"
      },
      "engines": {
        "node": ">=10"
      },
      "funding": {
        "url": "https://github.com/sindresorhus/execa?sponsor=1"
      }
    },
    "node_modules/fs-extra": {
      "version": "9.1.0",
      "resolved": "https://registry.npmjs.org/fs-extra/-/fs-extra-9.1.0.tgz",
      "integrity": "sha512-hcg3ZmepS30/7BSFqRvoo3DOMQu7IjqxO5nCDt+zM9XWjb33Wg7ziNT+Qvqbuc3+gWpzO02JubVyk2G4Zvo1OQ==",
      "dependencies": {
        "at-least-node": "^1.0.0",
        "graceful-fs": "^4.2.0",
        "jsonfile": "^6.0.1",
        "universalify": "^2.0.0"
      },
      "engines": {
        "node": ">=10"
      }
    },
    "node_modules/get-stream": {
      "version": "6.0.1",
      "resolved": "https://registry.npmjs.org/get-stream/-/get-stream-6.0.1.tgz",
      "integrity": "sha512-ts6Wi+2j3jQjqi70w5AlN8DFnkSwC+MqmxEzdEALB2qXZYV3X/b1CTfgPLGJNMeAWxdPfU8FO1ms3NUfaHCPYg==",
      "engines": {
        "node": ">=10"
      },
      "funding": {
        "url": "https://github.com/sponsors/sindresorhus"
      }
    },
    "node_modules/graceful-fs": {
      "version": "4.2.6",
      "resolved": "https://registry.npmjs.org/graceful-fs/-/graceful-fs-4.2.6.tgz",
      "integrity": "sha512-nTnJ528pbqxYanhpDYsi4Rd8MAeaBA67+RZ10CM1m3bTAVFEDcd5AuA4a6W5YkGZ1iNXHzZz8T6TBKLeBuNriQ=="
    },
    "node_modules/human-signals": {
      "version": "2.1.0",
      "resolved": "https://registry.npmjs.org/human-signals/-/human-signals-2.1.0.tgz",
      "integrity": "sha512-B4FFZ6q/T2jhhksgkbEW3HBvWIfDW85snkQgawt07S7J5QXTk6BkNV+0yAeZrM5QpMAdYlocGoljn0sJ/WQkFw==",
      "engines": {
        "node": ">=10.17.0"
      }
    },
    "node_modules/ipaddr.js": {
      "version": "1.9.1",
      "resolved": "https://registry.npmjs.org/ipaddr.js/-/ipaddr.js-1.9.1.tgz",
      "integrity": "sha512-0KI/607xoxSToH7GjN1FfSbLoU0+btTicjsQSWQlh/hZykN8KpmMf7uYwPW3R+akZ6R/w18ZlXSHBYXiYUPO3g==",
      "engines": {
        "node": ">= 0.10"
      }
    },
    "node_modules/is-stream": {
      "version": "2.0.0",
      "resolved": "https://registry.npmjs.org/is-stream/-/is-stream-2.0.0.tgz",
      "integrity": "sha512-XCoy+WlUr7d1+Z8GgSuXmpuUFC9fOhRXglJMx+dwLKTkL44Cjd4W1Z5P+BQZpr+cR93aGP4S/s7Ftw6Nd/kiEw==",
      "engines": {
        "node": ">=8"
      }
    },
    "node_modules/isexe": {
      "version": "2.0.0",
      "resolved": "https://registry.npmjs.org/isexe/-/isexe-2.0.0.tgz",
      "integrity": "sha1-6PvzdNxVb/iUehDcsFctYz8s+hA="
    },
    "node_modules/jsonfile": {
      "version": "6.1.0",
      "resolved": "https://registry.npmjs.org/jsonfile/-/jsonfile-6.1.0.tgz",
      "integrity": "sha512-5dgndWOriYSm5cnYaJNhalLNDKOqFwyDB/rr1E9ZsGciGvKPs8R2xYGCacuf3z6K1YKDz182fd+fY3cn3pMqXQ==",
      "dependencies": {
        "graceful-fs": "^4.1.6",
        "universalify": "^2.0.0"
      }
    },
    "node_modules/merge-stream": {
      "version": "2.0.0",
      "resolved": "https://registry.npmjs.org/merge-stream/-/merge-stream-2.0.0.tgz",
      "integrity": "sha512-abv/qOcuPfk3URPfDzmZU1LKmuw8kT+0nIHvKrKgFrwifol/doWcdA4ZqsWQ8ENrFKkd67Mfpo/LovbIUsbt3w=="
    },
    "node_modules/mimic-fn": {
      "version": "2.1.0",
      "resolved": "https://registry.npmjs.org/mimic-fn/-/mimic-fn-2.1.0.tgz",
      "integrity": "sha512-OqbOk5oEQeAZ8WXWydlu9HJjz9WVdEIvamMCcXmuqUYjTknH/sqsWvhQ3vgwKFRR1HpjvNBKQ37nbJgYzGqGcg==",
      "engines": {
        "node": ">=6"
      }
    },
    "node_modules/ms": {
      "version": "2.1.2",
      "resolved": "https://registry.npmjs.org/ms/-/ms-2.1.2.tgz",
      "integrity": "sha512-sGkPx+VjMtmA6MX27oA4FBFELFCZZ4S4XqeGOXCv68tT+jb3vk/RyaKWP0PTKyWtmLSM0b+adUTEvbs1PEaH2w=="
    },
    "node_modules/nat-puncher": {
      "version": "0.1.8",
      "resolved": "https://registry.npmjs.org/nat-puncher/-/nat-puncher-0.1.8.tgz",
      "integrity": "sha512-sOLGU9zuFprynKanALUfKLGaGyd5IapOImUYdqOkL/1SPlXJhqmLsNCr4s1SBk4CqQFCsPI8e4gQPdl/5vB8ag==",
      "dependencies": {
        "default-gateway": "^6.0.0",
        "ipaddr.js": "^1.9.1",
        "xmlhttprequest": "^1.8.0"
      }
    },
    "node_modules/npm-run-path": {
      "version": "4.0.1",
      "resolved": "https://registry.npmjs.org/npm-run-path/-/npm-run-path-4.0.1.tgz",
      "integrity": "sha512-S48WzZW777zhNIrn7gxOlISNAqi9ZC/uQFnRdbeIHhZhCA6UqpkOT8T1G7BvfdgP4Er8gF4sUbaS0i7QvIfCWw==",
      "dependencies": {
        "path-key": "^3.0.0"
      },
      "engines": {
        "node": ">=8"
      }
    },
    "node_modules/onetime": {
      "version": "5.1.2",
      "resolved": "https://registry.npmjs.org/onetime/-/onetime-5.1.2.tgz",
      "integrity": "sha512-kbpaSSGJTWdAY5KPVeMOKXSrPtr8C8C7wodJbcsd51jRnmD+GZu8Y0VoU6Dm5Z4vWr0Ig/1NKuWRKf7j5aaYSg==",
      "dependencies": {
        "mimic-fn": "^2.1.0"
      },
      "engines": {
        "node": ">=6"
      },
      "funding": {
        "url": "https://github.com/sponsors/sindresorhus"
      }
    },
    "node_modules/os-utils": {
      "version": "0.0.14",
      "resolved": "https://registry.npmjs.org/os-utils/-/os-utils-0.0.14.tgz",
      "integrity": "sha1-KeURaXsZgrjGJ3Ihdf45eX72QVY="
    },
    "node_modules/path-key": {
      "version": "3.1.1",
      "resolved": "https://registry.npmjs.org/path-key/-/path-key-3.1.1.tgz",
      "integrity": "sha512-ojmeN0qd+y0jszEtoY48r0Peq5dwMEkIlCOu6Q5f41lfkswXuKtYrhgoTpLnyIcHm24Uhqx+5Tqm2InSwLhE6Q==",
      "engines": {
        "node": ">=8"
      }
    },
    "node_modules/rotating-file-stream": {
      "version": "1.4.6",
      "resolved": "https://registry.npmjs.org/rotating-file-stream/-/rotating-file-stream-1.4.6.tgz",
      "integrity": "sha512-QS7vGxBK6sGc1mCqlmAuwV4J0fmmVCKaUgMvKbkTueZr4jdkXN3bSpTEOQxtdtAVEzi1aUqdHzwIQ0ejNn+CQg==",
      "engines": {
        "node": ">=6.0"
      }
    },
    "node_modules/shebang-command": {
      "version": "2.0.0",
      "resolved": "https://registry.npmjs.org/shebang-command/-/shebang-command-2.0.0.tgz",
      "integrity": "sha512-kHxr2zZpYtdmrN1qDjrrX/Z1rR1kG8Dx+gkpK1G4eXmvXswmcE1hTWBWYUzlraYw1/yZp6YuDY77YtvbN0dmDA==",
      "dependencies": {
        "shebang-regex": "^3.0.0"
      },
      "engines": {
        "node": ">=8"
      }
    },
    "node_modules/shebang-regex": {
      "version": "3.0.0",
      "resolved": "https://registry.npmjs.org/shebang-regex/-/shebang-regex-3.0.0.tgz",
      "integrity": "sha512-7++dFhtcx3353uBaq8DDR4NuxBetBzC7ZQOhmTQInHEd6bSrXdiEyzCvG07Z44UYdLShWUyXt5M/yhz8ekcb1A==",
      "engines": {
        "node": ">=8"
      }
    },
    "node_modules/signal-exit": {
      "version": "3.0.3",
      "resolved": "https://registry.npmjs.org/signal-exit/-/signal-exit-3.0.3.tgz",
      "integrity": "sha512-VUJ49FC8U1OxwZLxIbTTrDvLnf/6TDgxZcK8wxR8zs13xpx7xbG60ndBlhNrFi2EMuFRoeDoJO7wthSLq42EjA=="
    },
    "node_modules/simple-git": {
      "version": "1.132.0",
      "resolved": "https://registry.npmjs.org/simple-git/-/simple-git-1.132.0.tgz",
      "integrity": "sha512-xauHm1YqCTom1sC9eOjfq3/9RKiUA9iPnxBbrY2DdL8l4ADMu0jjM5l5lphQP5YWNqAL2aXC/OeuQ76vHtW5fg==",
      "dependencies": {
        "debug": "^4.0.1"
      }
    },
    "node_modules/strip-final-newline": {
      "version": "2.0.0",
      "resolved": "https://registry.npmjs.org/strip-final-newline/-/strip-final-newline-2.0.0.tgz",
      "integrity": "sha512-BrpvfNAE3dcvq7ll3xVumzjKjZQ5tI1sEUIKr3Uoks0XUl45St3FlatVqef9prk4jRDzhW6WZg+3bk93y6pLjA==",
      "engines": {
        "node": ">=6"
      }
    },
    "node_modules/universalify": {
      "version": "2.0.0",
      "resolved": "https://registry.npmjs.org/universalify/-/universalify-2.0.0.tgz",
      "integrity": "sha512-hAZsKq7Yy11Zu1DE0OzWjw7nnLZmJZYTDZZyEFHZdUhV8FkH5MCfoU1XMaxXovpyW5nq5scPqq0ZDP9Zyl04oQ==",
      "engines": {
        "node": ">= 10.0.0"
      }
    },
    "node_modules/which": {
      "version": "2.0.2",
      "resolved": "https://registry.npmjs.org/which/-/which-2.0.2.tgz",
      "integrity": "sha512-BLI3Tl1TW3Pvl70l3yq3Y64i+awpwXqsGBYWkkqMtnbXgrMD+yj7rhW0kuEDxzJaYXGjEW5ogapKNMEKNMjibA==",
      "dependencies": {
        "isexe": "^2.0.0"
      },
      "bin": {
        "node-which": "bin/node-which"
      },
      "engines": {
        "node": ">= 8"
      }
    },
    "node_modules/xmlhttprequest": {
      "version": "1.8.0",
      "resolved": "https://registry.npmjs.org/xmlhttprequest/-/xmlhttprequest-1.8.0.tgz",
      "integrity": "sha1-Z/4HXFwk/vOfnWX197f+dRcZaPw=",
      "engines": {
        "node": ">=0.4.0"
      }
    }
  },
  "dependencies": {
    "adm-zip": {
      "version": "0.5.3",
      "resolved": "https://registry.npmjs.org/adm-zip/-/adm-zip-0.5.3.tgz",
      "integrity": "sha512-zsoTXEwRNCxBzRHLENFLuecCcwzzXiEhWo1r3GP68iwi8Q/hW2RrqgeY1nfJ/AhNQNWnZq/4v0TbfMsUkI+TYw=="
    },
    "app-root-path": {
      "version": "3.0.0",
      "resolved": "https://registry.npmjs.org/app-root-path/-/app-root-path-3.0.0.tgz",
      "integrity": "sha512-qMcx+Gy2UZynHjOHOIXPNvpf+9cjvk3cWrBBK7zg4gH9+clobJRb9NGzcT7mQTcV/6Gm/1WelUtqxVXnNlrwcw=="
    },
    "at-least-node": {
      "version": "1.0.0",
      "resolved": "https://registry.npmjs.org/at-least-node/-/at-least-node-1.0.0.tgz",
      "integrity": "sha512-+q/t7Ekv1EDY2l6Gda6LLiX14rU9TV20Wa3ofeQmwPFZbOMo9DXrLbOjFaaclkXKWidIaopwAObQDqwWtGUjqg=="
    },
    "auto-git-update": {
      "version": "2.0.1",
      "resolved": "https://registry.npmjs.org/auto-git-update/-/auto-git-update-2.0.1.tgz",
      "integrity": "sha512-gSIqQyvTwGok8y+tIylLL31P5/7dg9hmyB70Y1eCXvHAPDBUhXb67QEzmJZRH5qMdqpWoAcBN6voHOxD6d8QLg==",
      "requires": {
        "app-root-path": "^3.0.0",
        "chegs-simple-logger": "^1.1.0",
        "fs-extra": "^8.1.0",
        "simple-git": "^1.131.0"
      },
      "dependencies": {
        "fs-extra": {
          "version": "8.1.0",
          "resolved": "https://registry.npmjs.org/fs-extra/-/fs-extra-8.1.0.tgz",
          "integrity": "sha512-yhlQgA6mnOJUKOsRUFsgJdQCvkKhcz8tlZG5HBQfReYZy46OwLcY+Zia0mtdHsOo9y/hP+CxMN0TU9QxoOtG4g==",
          "requires": {
            "graceful-fs": "^4.2.0",
            "jsonfile": "^4.0.0",
            "universalify": "^0.1.0"
          }
        },
        "jsonfile": {
          "version": "4.0.0",
          "resolved": "https://registry.npmjs.org/jsonfile/-/jsonfile-4.0.0.tgz",
          "integrity": "sha1-h3Gq4HmbZAdrdmQPygWPnBDjPss=",
          "requires": {
            "graceful-fs": "^4.1.6"
          }
        },
        "universalify": {
          "version": "0.1.2",
          "resolved": "https://registry.npmjs.org/universalify/-/universalify-0.1.2.tgz",
          "integrity": "sha512-rBJeI5CXAlmy1pV+617WB9J63U6XcazHHF2f2dbJix4XzpUF0RS3Zbj0FGIOCAva5P/d/GBOYaACQ1w+0azUkg=="
        }
      }
    },
    "chegs-simple-logger": {
      "version": "1.1.0",
      "resolved": "https://registry.npmjs.org/chegs-simple-logger/-/chegs-simple-logger-1.1.0.tgz",
      "integrity": "sha512-GR7VaKpWw3oAQV9vmjQdNlIVjxCmx15dQpj9b4m9IrGDg4unKykx74pGp8taOxnFEIU0/uqi9XGy5CHNuYwfcA==",
      "requires": {
        "rotating-file-stream": "^1.4.2"
      }
    },
    "cross-spawn": {
      "version": "7.0.3",
      "resolved": "https://registry.npmjs.org/cross-spawn/-/cross-spawn-7.0.3.tgz",
      "integrity": "sha512-iRDPJKUPVEND7dHPO8rkbOnPpyDygcDFtWjpeWNCgy8WP2rXcxXL8TskReQl6OrB2G7+UJrags1q15Fudc7G6w==",
      "requires": {
        "path-key": "^3.1.0",
        "shebang-command": "^2.0.0",
        "which": "^2.0.1"
      }
    },
    "debug": {
      "version": "4.3.1",
      "resolved": "https://registry.npmjs.org/debug/-/debug-4.3.1.tgz",
      "integrity": "sha512-doEwdvm4PCeK4K3RQN2ZC2BYUBaxwLARCqZmMjtF8a51J2Rb0xpVloFRnCODwqjpwnAoao4pelN8l3RJdv3gRQ==",
      "requires": {
        "ms": "2.1.2"
      }
    },
    "default-gateway": {
      "version": "6.0.3",
      "resolved": "https://registry.npmjs.org/default-gateway/-/default-gateway-6.0.3.tgz",
      "integrity": "sha512-fwSOJsbbNzZ/CUFpqFBqYfYNLj1NbMPm8MMCIzHjC83iSJRBEGmDUxU+WP661BaBQImeC2yHwXtz+P/O9o+XEg==",
      "requires": {
        "execa": "^5.0.0"
      }
    },
    "execa": {
      "version": "5.0.0",
      "resolved": "https://registry.npmjs.org/execa/-/execa-5.0.0.tgz",
      "integrity": "sha512-ov6w/2LCiuyO4RLYGdpFGjkcs0wMTgGE8PrkTHikeUy5iJekXyPIKUjifk5CsE0pt7sMCrMZ3YNqoCj6idQOnQ==",
      "requires": {
        "cross-spawn": "^7.0.3",
        "get-stream": "^6.0.0",
        "human-signals": "^2.1.0",
        "is-stream": "^2.0.0",
        "merge-stream": "^2.0.0",
        "npm-run-path": "^4.0.1",
        "onetime": "^5.1.2",
        "signal-exit": "^3.0.3",
        "strip-final-newline": "^2.0.0"
      }
    },
    "fs-extra": {
      "version": "9.1.0",
      "resolved": "https://registry.npmjs.org/fs-extra/-/fs-extra-9.1.0.tgz",
      "integrity": "sha512-hcg3ZmepS30/7BSFqRvoo3DOMQu7IjqxO5nCDt+zM9XWjb33Wg7ziNT+Qvqbuc3+gWpzO02JubVyk2G4Zvo1OQ==",
      "requires": {
        "at-least-node": "^1.0.0",
        "graceful-fs": "^4.2.0",
        "jsonfile": "^6.0.1",
        "universalify": "^2.0.0"
      }
    },
    "get-stream": {
      "version": "6.0.1",
      "resolved": "https://registry.npmjs.org/get-stream/-/get-stream-6.0.1.tgz",
      "integrity": "sha512-ts6Wi+2j3jQjqi70w5AlN8DFnkSwC+MqmxEzdEALB2qXZYV3X/b1CTfgPLGJNMeAWxdPfU8FO1ms3NUfaHCPYg=="
    },
    "graceful-fs": {
      "version": "4.2.6",
      "resolved": "https://registry.npmjs.org/graceful-fs/-/graceful-fs-4.2.6.tgz",
      "integrity": "sha512-nTnJ528pbqxYanhpDYsi4Rd8MAeaBA67+RZ10CM1m3bTAVFEDcd5AuA4a6W5YkGZ1iNXHzZz8T6TBKLeBuNriQ=="
    },
    "human-signals": {
      "version": "2.1.0",
      "resolved": "https://registry.npmjs.org/human-signals/-/human-signals-2.1.0.tgz",
      "integrity": "sha512-B4FFZ6q/T2jhhksgkbEW3HBvWIfDW85snkQgawt07S7J5QXTk6BkNV+0yAeZrM5QpMAdYlocGoljn0sJ/WQkFw=="
    },
    "ipaddr.js": {
      "version": "1.9.1",
      "resolved": "https://registry.npmjs.org/ipaddr.js/-/ipaddr.js-1.9.1.tgz",
      "integrity": "sha512-0KI/607xoxSToH7GjN1FfSbLoU0+btTicjsQSWQlh/hZykN8KpmMf7uYwPW3R+akZ6R/w18ZlXSHBYXiYUPO3g=="
    },
    "is-stream": {
      "version": "2.0.0",
      "resolved": "https://registry.npmjs.org/is-stream/-/is-stream-2.0.0.tgz",
      "integrity": "sha512-XCoy+WlUr7d1+Z8GgSuXmpuUFC9fOhRXglJMx+dwLKTkL44Cjd4W1Z5P+BQZpr+cR93aGP4S/s7Ftw6Nd/kiEw=="
    },
    "isexe": {
      "version": "2.0.0",
      "resolved": "https://registry.npmjs.org/isexe/-/isexe-2.0.0.tgz",
      "integrity": "sha1-6PvzdNxVb/iUehDcsFctYz8s+hA="
    },
    "jsonfile": {
      "version": "6.1.0",
      "resolved": "https://registry.npmjs.org/jsonfile/-/jsonfile-6.1.0.tgz",
      "integrity": "sha512-5dgndWOriYSm5cnYaJNhalLNDKOqFwyDB/rr1E9ZsGciGvKPs8R2xYGCacuf3z6K1YKDz182fd+fY3cn3pMqXQ==",
      "requires": {
        "graceful-fs": "^4.1.6",
        "universalify": "^2.0.0"
      }
    },
    "merge-stream": {
      "version": "2.0.0",
      "resolved": "https://registry.npmjs.org/merge-stream/-/merge-stream-2.0.0.tgz",
      "integrity": "sha512-abv/qOcuPfk3URPfDzmZU1LKmuw8kT+0nIHvKrKgFrwifol/doWcdA4ZqsWQ8ENrFKkd67Mfpo/LovbIUsbt3w=="
    },
    "mimic-fn": {
      "version": "2.1.0",
      "resolved": "https://registry.npmjs.org/mimic-fn/-/mimic-fn-2.1.0.tgz",
      "integrity": "sha512-OqbOk5oEQeAZ8WXWydlu9HJjz9WVdEIvamMCcXmuqUYjTknH/sqsWvhQ3vgwKFRR1HpjvNBKQ37nbJgYzGqGcg=="
    },
    "ms": {
      "version": "2.1.2",
      "resolved": "https://registry.npmjs.org/ms/-/ms-2.1.2.tgz",
      "integrity": "sha512-sGkPx+VjMtmA6MX27oA4FBFELFCZZ4S4XqeGOXCv68tT+jb3vk/RyaKWP0PTKyWtmLSM0b+adUTEvbs1PEaH2w=="
    },
    "nat-puncher": {
      "version": "0.1.8",
      "resolved": "https://registry.npmjs.org/nat-puncher/-/nat-puncher-0.1.8.tgz",
      "integrity": "sha512-sOLGU9zuFprynKanALUfKLGaGyd5IapOImUYdqOkL/1SPlXJhqmLsNCr4s1SBk4CqQFCsPI8e4gQPdl/5vB8ag==",
      "requires": {
        "default-gateway": "^6.0.0",
        "ipaddr.js": "^1.9.1",
        "xmlhttprequest": "^1.8.0"
      }
    },
    "npm-run-path": {
      "version": "4.0.1",
      "resolved": "https://registry.npmjs.org/npm-run-path/-/npm-run-path-4.0.1.tgz",
      "integrity": "sha512-S48WzZW777zhNIrn7gxOlISNAqi9ZC/uQFnRdbeIHhZhCA6UqpkOT8T1G7BvfdgP4Er8gF4sUbaS0i7QvIfCWw==",
      "requires": {
        "path-key": "^3.0.0"
      }
    },
    "onetime": {
      "version": "5.1.2",
      "resolved": "https://registry.npmjs.org/onetime/-/onetime-5.1.2.tgz",
      "integrity": "sha512-kbpaSSGJTWdAY5KPVeMOKXSrPtr8C8C7wodJbcsd51jRnmD+GZu8Y0VoU6Dm5Z4vWr0Ig/1NKuWRKf7j5aaYSg==",
      "requires": {
        "mimic-fn": "^2.1.0"
      }
    },
    "os-utils": {
      "version": "0.0.14",
      "resolved": "https://registry.npmjs.org/os-utils/-/os-utils-0.0.14.tgz",
      "integrity": "sha1-KeURaXsZgrjGJ3Ihdf45eX72QVY="
    },
    "path-key": {
      "version": "3.1.1",
      "resolved": "https://registry.npmjs.org/path-key/-/path-key-3.1.1.tgz",
      "integrity": "sha512-ojmeN0qd+y0jszEtoY48r0Peq5dwMEkIlCOu6Q5f41lfkswXuKtYrhgoTpLnyIcHm24Uhqx+5Tqm2InSwLhE6Q=="
    },
    "rotating-file-stream": {
      "version": "1.4.6",
      "resolved": "https://registry.npmjs.org/rotating-file-stream/-/rotating-file-stream-1.4.6.tgz",
      "integrity": "sha512-QS7vGxBK6sGc1mCqlmAuwV4J0fmmVCKaUgMvKbkTueZr4jdkXN3bSpTEOQxtdtAVEzi1aUqdHzwIQ0ejNn+CQg=="
    },
    "shebang-command": {
      "version": "2.0.0",
      "resolved": "https://registry.npmjs.org/shebang-command/-/shebang-command-2.0.0.tgz",
      "integrity": "sha512-kHxr2zZpYtdmrN1qDjrrX/Z1rR1kG8Dx+gkpK1G4eXmvXswmcE1hTWBWYUzlraYw1/yZp6YuDY77YtvbN0dmDA==",
      "requires": {
        "shebang-regex": "^3.0.0"
      }
    },
    "shebang-regex": {
      "version": "3.0.0",
      "resolved": "https://registry.npmjs.org/shebang-regex/-/shebang-regex-3.0.0.tgz",
      "integrity": "sha512-7++dFhtcx3353uBaq8DDR4NuxBetBzC7ZQOhmTQInHEd6bSrXdiEyzCvG07Z44UYdLShWUyXt5M/yhz8ekcb1A=="
    },
    "signal-exit": {
      "version": "3.0.3",
      "resolved": "https://registry.npmjs.org/signal-exit/-/signal-exit-3.0.3.tgz",
      "integrity": "sha512-VUJ49FC8U1OxwZLxIbTTrDvLnf/6TDgxZcK8wxR8zs13xpx7xbG60ndBlhNrFi2EMuFRoeDoJO7wthSLq42EjA=="
    },
    "simple-git": {
      "version": "1.132.0",
      "resolved": "https://registry.npmjs.org/simple-git/-/simple-git-1.132.0.tgz",
      "integrity": "sha512-xauHm1YqCTom1sC9eOjfq3/9RKiUA9iPnxBbrY2DdL8l4ADMu0jjM5l5lphQP5YWNqAL2aXC/OeuQ76vHtW5fg==",
      "requires": {
        "debug": "^4.0.1"
      }
    },
    "strip-final-newline": {
      "version": "2.0.0",
      "resolved": "https://registry.npmjs.org/strip-final-newline/-/strip-final-newline-2.0.0.tgz",
      "integrity": "sha512-BrpvfNAE3dcvq7ll3xVumzjKjZQ5tI1sEUIKr3Uoks0XUl45St3FlatVqef9prk4jRDzhW6WZg+3bk93y6pLjA=="
    },
    "universalify": {
      "version": "2.0.0",
      "resolved": "https://registry.npmjs.org/universalify/-/universalify-2.0.0.tgz",
      "integrity": "sha512-hAZsKq7Yy11Zu1DE0OzWjw7nnLZmJZYTDZZyEFHZdUhV8FkH5MCfoU1XMaxXovpyW5nq5scPqq0ZDP9Zyl04oQ=="
    },
    "which": {
      "version": "2.0.2",
      "resolved": "https://registry.npmjs.org/which/-/which-2.0.2.tgz",
      "integrity": "sha512-BLI3Tl1TW3Pvl70l3yq3Y64i+awpwXqsGBYWkkqMtnbXgrMD+yj7rhW0kuEDxzJaYXGjEW5ogapKNMEKNMjibA==",
      "requires": {
        "isexe": "^2.0.0"
      }
    },
    "xmlhttprequest": {
      "version": "1.8.0",
      "resolved": "https://registry.npmjs.org/xmlhttprequest/-/xmlhttprequest-1.8.0.tgz",
      "integrity": "sha1-Z/4HXFwk/vOfnWX197f+dRcZaPw="
    }
  }
}
